
Microsoft Visual Studio Solution File, Format Version 12.00
# Visual Studio Version 17
VisualStudioVersion = 17.9.34616.47
MinimumVisualStudioVersion = 10.0.40219.1
Project("{FAE04EC0-301F-11D3-BF4B-00C04F79EFBC}") = "Projeto Agropuro", "Projeto Agropuro\Projeto Agropuro.csproj", "{4328460A-A79C-4F88-A547-9AE8DD9C00E1}"
EndProject
Global
	GlobalSection(SolutionConfigurationPlatforms) = preSolution
		Debug|Any CPU = Debug|Any CPU
		Release|Any CPU = Release|Any CPU
	EndGlobalSection
	GlobalSection(ProjectConfigurationPlatforms) = postSolution
		{4328460A-A79C-4F88-A547-9AE8DD9C00E1}.Debug|Any CPU.ActiveCfg = Debug|Any CPU
		{4328460A-A79C-4F88-A547-9AE8DD9C00E1}.Debug|Any CPU.Build.0 = Debug|Any CPU
		{4328460A-A79C-4F88-A547-9AE8DD9C00E1}.Release|Any CPU.ActiveCfg = Release|Any CPU
		{4328460A-A79C-4F88-A547-9AE8DD9C00E1}.Release|Any CPU.Build.0 = Release|Any CPU
	EndGlobalSection
	GlobalSection(SolutionProperties) = preSolution
		HideSolutionNode = FALSE
	EndGlobalSection
	GlobalSection(ExtensibilityGlobals) = postSolution
		SolutionGuid = {D5A6088F-8B95-418C-85B9-5557F2271758}
	EndGlobalSection
EndGlobal
